
Microsoft Visual Studio Solution File, Format Version 12.00
# Visual Studio Version 17
VisualStudioVersion = 17.5.33414.496
MinimumVisualStudioVersion = 10.0.40219.1
Project("{FAE04EC0-301F-11D3-BF4B-00C04F79EFBC}") = "ConsoleApp_Tarde", "ConsoleApp_Tarde\ConsoleApp_Tarde.csproj", "{744DEC7C-6F64-439D-9FA5-65302719284D}"
EndProject
Global
	GlobalSection(SolutionConfigurationPlatforms) = preSolution
		Debug|Any CPU = Debug|Any CPU
		Release|Any CPU = Release|Any CPU
	EndGlobalSection
	GlobalSection(ProjectConfigurationPlatforms) = postSolution
		{744DEC7C-6F64-439D-9FA5-65302719284D}.Debug|Any CPU.ActiveCfg = Debug|Any CPU
		{744DEC7C-6F64-439D-9FA5-65302719284D}.Debug|Any CPU.Build.0 = Debug|Any CPU
		{744DEC7C-6F64-439D-9FA5-65302719284D}.Release|Any CPU.ActiveCfg = Release|Any CPU
		{744DEC7C-6F64-439D-9FA5-65302719284D}.Release|Any CPU.Build.0 = Release|Any CPU
	EndGlobalSection
	GlobalSection(SolutionProperties) = preSolution
		HideSolutionNode = FALSE
	EndGlobalSection
	GlobalSection(ExtensibilityGlobals) = postSolution
		SolutionGuid = {4BF8EAC6-5A0C-4452-8009-7075F9507D7D}
	EndGlobalSection
EndGlobal
